
Microsoft Visual Studio Solution File, Format Version 12.00
# Visual Studio Version 17
VisualStudioVersion = 17.10.35004.147
MinimumVisualStudioVersion = 10.0.40219.1
Project("{9A19103F-16F7-4668-BE54-9A1E7A4F7556}") = "Mader Control System", "Mader Control System.csproj", "{DFDFCEF6-6F24-4F94-8980-CBF65A25B4BE}"
EndProject
Project("{2150E333-8FDC-42A3-9474-1A3956D46DE8}") = "Itens de Solução", "Itens de Solução", "{FB05C1AF-1C8D-4A29-B001-ED4BA02AE2F2}"
	ProjectSection(SolutionItems) = preProject
		BooleanToVisibilityConverter.cs = BooleanToVisibilityConverter.cs
	EndProjectSection
EndProject
Project("{2150E333-8FDC-42A3-9474-1A3956D46DE8}") = "DataBase", "DataBase", "{582292DC-BBDD-4C5B-82C6-63DC59ECA2DC}"
	ProjectSection(SolutionItems) = preProject
		Cliente.cs = Cliente.cs
		ClientesDatabaseHelper.cs = ClientesDatabaseHelper.cs
	EndProjectSection
EndProject
Project("{2150E333-8FDC-42A3-9474-1A3956D46DE8}") = "Resources", "Resources", "{87AB5DDA-E6A0-4FD2-82B3-3452CAE742A4}"
EndProject
Global
	GlobalSection(SolutionConfigurationPlatforms) = preSolution
		Debug|Any CPU = Debug|Any CPU
		Release|Any CPU = Release|Any CPU
	EndGlobalSection
	GlobalSection(ProjectConfigurationPlatforms) = postSolution
		{DFDFCEF6-6F24-4F94-8980-CBF65A25B4BE}.Debug|Any CPU.ActiveCfg = Debug|Any CPU
		{DFDFCEF6-6F24-4F94-8980-CBF65A25B4BE}.Debug|Any CPU.Build.0 = Debug|Any CPU
		{DFDFCEF6-6F24-4F94-8980-CBF65A25B4BE}.Release|Any CPU.ActiveCfg = Release|Any CPU
		{DFDFCEF6-6F24-4F94-8980-CBF65A25B4BE}.Release|Any CPU.Build.0 = Release|Any CPU
	EndGlobalSection
	GlobalSection(SolutionProperties) = preSolution
		HideSolutionNode = FALSE
	EndGlobalSection
	GlobalSection(ExtensibilityGlobals) = postSolution
		SolutionGuid = {80C6EFB2-E99A-468A-ABE3-6A5815EA051E}
	EndGlobalSection
EndGlobal
