
Microsoft Visual Studio Solution File, Format Version 12.00
# Visual Studio Version 17
VisualStudioVersion = 17.10.35004.147
MinimumVisualStudioVersion = 10.0.40219.1
Project("{FAE04EC0-301F-11D3-BF4B-00C04F79EFBC}") = "Mader Control System", "Mader Control System.csproj", "{DFDFCEF6-6F24-4F94-8980-CBF65A25B4BE}"
EndProject
Global
	GlobalSection(SolutionConfigurationPlatforms) = preSolution
		Debug|Any CPU = Debug|Any CPU
		Release|Any CPU = Release|Any CPU
	EndGlobalSection
	GlobalSection(ProjectConfigurationPlatforms) = postSolution
		{DFDFCEF6-6F24-4F94-8980-CBF65A25B4BE}.Debug|Any CPU.ActiveCfg = Debug|Any CPU
		{DFDFCEF6-6F24-4F94-8980-CBF65A25B4BE}.Debug|Any CPU.Build.0 = Debug|Any CPU
		{DFDFCEF6-6F24-4F94-8980-CBF65A25B4BE}.Release|Any CPU.ActiveCfg = Release|Any CPU
		{DFDFCEF6-6F24-4F94-8980-CBF65A25B4BE}.Release|Any CPU.Build.0 = Release|Any CPU
	EndGlobalSection
	GlobalSection(SolutionProperties) = preSolution
		HideSolutionNode = FALSE
	EndGlobalSection
	GlobalSection(ExtensibilityGlobals) = postSolution
		SolutionGuid = {80C6EFB2-E99A-468A-ABE3-6A5815EA051E}
	EndGlobalSection
EndGlobal
